
Microsoft Visual Studio Solution File, Format Version 12.00
# Visual Studio 15
VisualStudioVersion = 15.0.27703.2000
MinimumVisualStudioVersion = 10.0.40219.1
Project("{FAE04EC0-301F-11D3-BF4B-00C04F79EFBC}") = "OvgRlp.EgvpEpReceiver", "OvgRlp.EgvpEpReceiver\OvgRlp.EgvpEpReceiver.csproj", "{CC5C6A0A-6F51-4AB9-903A-7FE4BE51F9F4}"
EndProject
Project("{FAE04EC0-301F-11D3-BF4B-00C04F79EFBC}") = "OvgRlp.EgvpEpReceiver.Infrastructure", "OvgRlp.EgvpEpReceiver.Infrastructure\OvgRlp.EgvpEpReceiver.Infrastructure.csproj", "{F091B2AB-6408-48B6-A345-13966A0E1176}"
EndProject
Global
	GlobalSection(SolutionConfigurationPlatforms) = preSolution
		Debug|Any CPU = Debug|Any CPU
		Release|Any CPU = Release|Any CPU
	EndGlobalSection
	GlobalSection(ProjectConfigurationPlatforms) = postSolution
		{CC5C6A0A-6F51-4AB9-903A-7FE4BE51F9F4}.Debug|Any CPU.ActiveCfg = Debug|Any CPU
		{CC5C6A0A-6F51-4AB9-903A-7FE4BE51F9F4}.Debug|Any CPU.Build.0 = Debug|Any CPU
		{CC5C6A0A-6F51-4AB9-903A-7FE4BE51F9F4}.Release|Any CPU.ActiveCfg = Release|Any CPU
		{CC5C6A0A-6F51-4AB9-903A-7FE4BE51F9F4}.Release|Any CPU.Build.0 = Release|Any CPU
		{F091B2AB-6408-48B6-A345-13966A0E1176}.Debug|Any CPU.ActiveCfg = Debug|Any CPU
		{F091B2AB-6408-48B6-A345-13966A0E1176}.Debug|Any CPU.Build.0 = Debug|Any CPU
		{F091B2AB-6408-48B6-A345-13966A0E1176}.Release|Any CPU.ActiveCfg = Release|Any CPU
		{F091B2AB-6408-48B6-A345-13966A0E1176}.Release|Any CPU.Build.0 = Release|Any CPU
	EndGlobalSection
	GlobalSection(SolutionProperties) = preSolution
		HideSolutionNode = FALSE
	EndGlobalSection
	GlobalSection(ExtensibilityGlobals) = postSolution
		SolutionGuid = {268EF639-9471-4E99-9B41-E6C481B7BF1C}
	EndGlobalSection
EndGlobal
